// !$*UTF8*$!
{
	archiveVersion = 1;
	classes = {
	};
	objectVersion = 77;
	objects = {

/* Begin PBXBuildFile section */
		27B6D3FB2F33EB7300E85E5C /* 17_make.mp3 in Resources */ = {isa = PBXBuildFile; fileRef = 27B6D3F82F33EB7300E85E5C /* 17_make.mp3 */; };
		27B6D3FC2F33EB7300E85E5C /* 04_bid.mp3 in Resources */ = {isa = PBXBuildFile; fileRef = 27B6D3EB2F33EB7300E85E5C /* 04_bid.mp3 */; };
		27B6D3FD2F33EB7300E85E5C /* 05_you.mp3 in Resources */ = {isa = PBXBuildFile; fileRef = 27B6D3EC2F33EB7300E85E5C /* 05_you.mp3 */; };
		27B6D3FE2F33EB7300E85E5C /* 03_dracula.mp3 in Resources */ = {isa = PBXBuildFile; fileRef = 27B6D3EA2F33EB7300E85E5C /* 03_dracula.mp3 */; };
		27B6D3FF2F33EB7300E85E5C /* 14_what.mp3 in Resources */ = {isa = PBXBuildFile; fileRef = 27B6D3F52F33EB7300E85E5C /* 14_what.mp3 */; };
		27B6D4002F33EB7300E85E5C /* 13_night.mp3 in Resources */ = {isa = PBXBuildFile; fileRef = 27B6D3F42F33EB7300E85E5C /* 13_night.mp3 */; };
		27B6D4012F33EB7300E85E5C /* 11_of.mp3 in Resources */ = {isa = PBXBuildFile; fileRef = 27B6D3F22F33EB7300E85E5C /* 11_of.mp3 */; };
		27B6D4022F33EB7300E85E5C /* 09_them.mp3 in Resources */ = {isa = PBXBuildFile; fileRef = 27B6D3F02F33EB7300E85E5C /* 09_them.mp3 */; };
		27B6D4032F33EB7300E85E5C /* 06_welcome.mp3 in Resources */ = {isa = PBXBuildFile; fileRef = 27B6D3ED2F33EB7300E85E5C /* 06_welcome.mp3 */; };
		27B6D4042F33EB7300E85E5C /* 16_they.mp3 in Resources */ = {isa = PBXBuildFile; fileRef = 27B6D3F72F33EB7300E85E5C /* 16_they.mp3 */; };
		27B6D4052F33EB7300E85E5C /* 08_to.mp3 in Resources */ = {isa = PBXBuildFile; fileRef = 27B6D3EF2F33EB7300E85E5C /* 08_to.mp3 */; };
		27B6D4062F33EB7300E85E5C /* 07_listen.mp3 in Resources */ = {isa = PBXBuildFile; fileRef = 27B6D3EE2F33EB7300E85E5C /* 07_listen.mp3 */; };
		27B6D4072F33EB7300E85E5C /* 10_children.mp3 in Resources */ = {isa = PBXBuildFile; fileRef = 27B6D3F12F33EB7300E85E5C /* 10_children.mp3 */; };
		27B6D4082F33EB7300E85E5C /* 15_music.mp3 in Resources */ = {isa = PBXBuildFile; fileRef = 27B6D3F62F33EB7300E85E5C /* 15_music.mp3 */; };
		27B6D4092F33EB7300E85E5C /* 02_am.mp3 in Resources */ = {isa = PBXBuildFile; fileRef = 27B6D3E92F33EB7300E85E5C /* 02_am.mp3 */; };
		27B6D40A2F33EB7300E85E5C /* 12_the.mp3 in Resources */ = {isa = PBXBuildFile; fileRef = 27B6D3F32F33EB7300E85E5C /* 12_the.mp3 */; };
		27B6D40B2F33EB7300E85E5C /* 01_i.mp3 in Resources */ = {isa = PBXBuildFile; fileRef = 27B6D3E82F33EB7300E85E5C /* 01_i.mp3 */; };
		27E713FE2F3FDD1800A3DD9C /* FirebaseAnalytics in Frameworks */ = {isa = PBXBuildFile; productRef = 27E713FD2F3FDD1800A3DD9C /* FirebaseAnalytics */; };
		27E714002F3FDD1800A3DD9C /* FirebaseCore in Frameworks */ = {isa = PBXBuildFile; productRef = 27E713FF2F3FDD1800A3DD9C /* FirebaseCore */; };
		27E714022F3FDD1800A3DD9C /* FirebaseCrashlytics in Frameworks */ = {isa = PBXBuildFile; productRef = 27E714012F3FDD1800A3DD9C /* FirebaseCrashlytics */; };
		27E714042F3FDD1800A3DD9C /* FirebasePerformance in Frameworks */ = {isa = PBXBuildFile; productRef = 27E714032F3FDD1800A3DD9C /* FirebasePerformance */; };
/* End PBXBuildFile section */

/* Begin PBXContainerItemProxy section */
		B1C2D3E4F5A6B7C8D9E0F1A2 /* PBXContainerItemProxy */ = {
			isa = PBXContainerItemProxy;
			containerPortal = 56D4B065E5B0FE8995F34C3C /* Project object */;
			proxyType = 1;
			remoteGlobalIDString = 9E4313F59CF1574A568093D3;
			remoteInfo = Drappula;
		};
/* End PBXContainerItemProxy section */

/* Begin PBXFileReference section */
		27B6D3E82F33EB7300E85E5C /* 01_i.mp3 */ = {isa = PBXFileReference; lastKnownFileType = audio.mp3; path = 01_i.mp3; sourceTree = "<group>"; };
		27B6D3E92F33EB7300E85E5C /* 02_am.mp3 */ = {isa = PBXFileReference; lastKnownFileType = audio.mp3; path = 02_am.mp3; sourceTree = "<group>"; };
		27B6D3EA2F33EB7300E85E5C /* 03_dracula.mp3 */ = {isa = PBXFileReference; lastKnownFileType = audio.mp3; path = 03_dracula.mp3; sourceTree = "<group>"; };
		27B6D3EB2F33EB7300E85E5C /* 04_bid.mp3 */ = {isa = PBXFileReference; lastKnownFileType = audio.mp3; path = 04_bid.mp3; sourceTree = "<group>"; };
		27B6D3EC2F33EB7300E85E5C /* 05_you.mp3 */ = {isa = PBXFileReference; lastKnownFileType = audio.mp3; path = 05_you.mp3; sourceTree = "<group>"; };
		27B6D3ED2F33EB7300E85E5C /* 06_welcome.mp3 */ = {isa = PBXFileReference; lastKnownFileType = audio.mp3; path = 06_welcome.mp3; sourceTree = "<group>"; };
		27B6D3EE2F33EB7300E85E5C /* 07_listen.mp3 */ = {isa = PBXFileReference; lastKnownFileType = audio.mp3; path = 07_listen.mp3; sourceTree = "<group>"; };
		27B6D3EF2F33EB7300E85E5C /* 08_to.mp3 */ = {isa = PBXFileReference; lastKnownFileType = audio.mp3; path = 08_to.mp3; sourceTree = "<group>"; };
		27B6D3F02F33EB7300E85E5C /* 09_them.mp3 */ = {isa = PBXFileReference; lastKnownFileType = audio.mp3; path = 09_them.mp3; sourceTree = "<group>"; };
		27B6D3F12F33EB7300E85E5C /* 10_children.mp3 */ = {isa = PBXFileReference; lastKnownFileType = audio.mp3; path = 10_children.mp3; sourceTree = "<group>"; };
		27B6D3F22F33EB7300E85E5C /* 11_of.mp3 */ = {isa = PBXFileReference; lastKnownFileType = audio.mp3; path = 11_of.mp3; sourceTree = "<group>"; };
		27B6D3F32F33EB7300E85E5C /* 12_the.mp3 */ = {isa = PBXFileReference; lastKnownFileType = audio.mp3; path = 12_the.mp3; sourceTree = "<group>"; };
		27B6D3F42F33EB7300E85E5C /* 13_night.mp3 */ = {isa = PBXFileReference; lastKnownFileType = audio.mp3; path = 13_night.mp3; sourceTree = "<group>"; };
		27B6D3F52F33EB7300E85E5C /* 14_what.mp3 */ = {isa = PBXFileReference; lastKnownFileType = audio.mp3; path = 14_what.mp3; sourceTree = "<group>"; };
		27B6D3F62F33EB7300E85E5C /* 15_music.mp3 */ = {isa = PBXFileReference; lastKnownFileType = audio.mp3; path = 15_music.mp3; sourceTree = "<group>"; };
		27B6D3F72F33EB7300E85E5C /* 16_they.mp3 */ = {isa = PBXFileReference; lastKnownFileType = audio.mp3; path = 16_they.mp3; sourceTree = "<group>"; };
		27B6D3F82F33EB7300E85E5C /* 17_make.mp3 */ = {isa = PBXFileReference; lastKnownFileType = audio.mp3; path = 17_make.mp3; sourceTree = "<group>"; };
		90CE39122609CA37718CC2D8 /* Drappula.app */ = {isa = PBXFileReference; explicitFileType = wrapper.application; includeInIndex = 0; path = Drappula.app; sourceTree = BUILT_PRODUCTS_DIR; };
		A1B2C3D4E5F6A7B8C9D0E1F2 /* drappulaTests.xctest */ = {isa = PBXFileReference; explicitFileType = wrapper.cfbundle; includeInIndex = 0; path = drappulaTests.xctest; sourceTree = BUILT_PRODUCTS_DIR; };
/* End PBXFileReference section */

/* Begin PBXFileSystemSynchronizedBuildFileExceptionSet section */
		A482470CA822AE529623E74F /* Exceptions for "drappula" folder in "Drappula" target */ = {
			isa = PBXFileSystemSynchronizedBuildFileExceptionSet;
			membershipExceptions = (
				Firebase/Production/GoogleService-Info.plist,
				Firebase/Production/GoogleService-Info.plist.gpg,
				Firebase/Staging/GoogleService-Info.plist,
				Firebase/Staging/GoogleService-Info.plist.gpg,
				Info.plist,
			);
			target = 9E4313F59CF1574A568093D3 /* Drappula */;
		};
/* End PBXFileSystemSynchronizedBuildFileExceptionSet section */

/* Begin PBXFileSystemSynchronizedRootGroup section */
		3EAF842F2C2084D8F7353CEC /* Configuration */ = {
			isa = PBXFileSystemSynchronizedRootGroup;
			path = Configuration;
			sourceTree = "<group>";
		};
		4C4677AA553DA74ED2507B89 /* drappula */ = {
			isa = PBXFileSystemSynchronizedRootGroup;
			exceptions = (
				A482470CA822AE529623E74F /* Exceptions for "drappula" folder in "Drappula" target */,
			);
			path = drappula;
			sourceTree = "<group>";
		};
		C1D2E3F4A5B6C7D8E9F0A1B2 /* drappulaTests */ = {
			isa = PBXFileSystemSynchronizedRootGroup;
			path = drappulaTests;
			sourceTree = "<group>";
		};
/* End PBXFileSystemSynchronizedRootGroup section */

/* Begin PBXFrameworksBuildPhase section */
		1143B0DAB8AD975F165597C7 /* Frameworks */ = {
			isa = PBXFrameworksBuildPhase;
			buildActionMask = 2147483647;
			files = (
				27E714022F3FDD1800A3DD9C /* FirebaseCrashlytics in Frameworks */,
				27E714002F3FDD1800A3DD9C /* FirebaseCore in Frameworks */,
				27E714042F3FDD1800A3DD9C /* FirebasePerformance in Frameworks */,
				27E713FE2F3FDD1800A3DD9C /* FirebaseAnalytics in Frameworks */,
			);
			runOnlyForDeploymentPostprocessing = 0;
		};
		D1E2F3A4B5C6D7E8F9A0B1C2 /* Frameworks */ = {
			isa = PBXFrameworksBuildPhase;
			buildActionMask = 2147483647;
			files = (
			);
			runOnlyForDeploymentPostprocessing = 0;
		};
/* End PBXFrameworksBuildPhase section */

/* Begin PBXGroup section */
		27B6D3F92F33EB7300E85E5C /* dracula */ = {
			isa = PBXGroup;
			children = (
				27B6D3E82F33EB7300E85E5C /* 01_i.mp3 */,
				27B6D3E92F33EB7300E85E5C /* 02_am.mp3 */,
				27B6D3EA2F33EB7300E85E5C /* 03_dracula.mp3 */,
				27B6D3EB2F33EB7300E85E5C /* 04_bid.mp3 */,
				27B6D3EC2F33EB7300E85E5C /* 05_you.mp3 */,
				27B6D3ED2F33EB7300E85E5C /* 06_welcome.mp3 */,
				27B6D3EE2F33EB7300E85E5C /* 07_listen.mp3 */,
				27B6D3EF2F33EB7300E85E5C /* 08_to.mp3 */,
				27B6D3F02F33EB7300E85E5C /* 09_them.mp3 */,
				27B6D3F12F33EB7300E85E5C /* 10_children.mp3 */,
				27B6D3F22F33EB7300E85E5C /* 11_of.mp3 */,
				27B6D3F32F33EB7300E85E5C /* 12_the.mp3 */,
				27B6D3F42F33EB7300E85E5C /* 13_night.mp3 */,
				27B6D3F52F33EB7300E85E5C /* 14_what.mp3 */,
				27B6D3F62F33EB7300E85E5C /* 15_music.mp3 */,
				27B6D3F72F33EB7300E85E5C /* 16_they.mp3 */,
				27B6D3F82F33EB7300E85E5C /* 17_make.mp3 */,
			);
			path = dracula;
			sourceTree = "<group>";
		};
		27B6D3FA2F33EB7300E85E5C /* audio */ = {
			isa = PBXGroup;
			children = (
				27B6D3F92F33EB7300E85E5C /* dracula */,
			);
			name = audio;
			path = ../audio;
			sourceTree = SOURCE_ROOT;
		};
		7FE6191B4F238DE24BF8F7F3 = {
			isa = PBXGroup;
			children = (
				27B6D3FA2F33EB7300E85E5C /* audio */,
				3EAF842F2C2084D8F7353CEC /* Configuration */,
				4C4677AA553DA74ED2507B89 /* drappula */,
				C1D2E3F4A5B6C7D8E9F0A1B2 /* drappulaTests */,
				D6B000D2CB2DE90163074B94 /* Products */,
			);
			sourceTree = "<group>";
		};
		D6B000D2CB2DE90163074B94 /* Products */ = {
			isa = PBXGroup;
			children = (
				90CE39122609CA37718CC2D8 /* Drappula.app */,
				A1B2C3D4E5F6A7B8C9D0E1F2 /* drappulaTests.xctest */,
			);
			name = Products;
			sourceTree = "<group>";
		};
/* End PBXGroup section */

/* Begin PBXNativeTarget section */
		9E4313F59CF1574A568093D3 /* Drappula */ = {
			isa = PBXNativeTarget;
			buildConfigurationList = 9454EFBB71921A3E4F61A3FC /* Build configuration list for PBXNativeTarget "Drappula" */;
			buildPhases = (
				50CDAED66310DC649EA7D6BA /* Compile Kotlin Framework */,
				AB7C29CA324EF660F72C3E13 /* Sources */,
				1143B0DAB8AD975F165597C7 /* Frameworks */,
				95620193BFE9126D9CF06C23 /* Resources */,
				A1B2C3D4E5F6A7B8C9D0F1A3 /* Copy Firebase Config */,
			);
			buildRules = (
			);
			dependencies = (
			);
			fileSystemSynchronizedGroups = (
				4C4677AA553DA74ED2507B89 /* drappula */,
			);
			name = Drappula;
			packageProductDependencies = (
				27E713FD2F3FDD1800A3DD9C /* FirebaseAnalytics */,
				27E713FF2F3FDD1800A3DD9C /* FirebaseCore */,
				27E714012F3FDD1800A3DD9C /* FirebaseCrashlytics */,
				27E714032F3FDD1800A3DD9C /* FirebasePerformance */,
			);
			productName = Drappula;
			productReference = 90CE39122609CA37718CC2D8 /* Drappula.app */;
			productType = "com.apple.product-type.application";
		};
		E1F2A3B4C5D6E7F8A9B0C1D2 /* drappulaTests */ = {
			isa = PBXNativeTarget;
			buildConfigurationList = F1A2B3C4D5E6F7A8B9C0D1E2 /* Build configuration list for PBXNativeTarget "drappulaTests" */;
			buildPhases = (
				E2F3A4B5C6D7E8F9A0B1C2D3 /* Sources */,
				D1E2F3A4B5C6D7E8F9A0B1C2 /* Frameworks */,
				F2A3B4C5D6E7F8A9B0C1D2E3 /* Resources */,
			);
			buildRules = (
			);
			dependencies = (
				C2D3E4F5A6B7C8D9E0F1A2B3 /* PBXTargetDependency */,
			);
			fileSystemSynchronizedGroups = (
				C1D2E3F4A5B6C7D8E9F0A1B2 /* drappulaTests */,
			);
			name = drappulaTests;
			packageProductDependencies = (
			);
			productName = drappulaTests;
			productReference = A1B2C3D4E5F6A7B8C9D0E1F2 /* drappulaTests.xctest */;
			productType = "com.apple.product-type.bundle.unit-test";
		};
/* End PBXNativeTarget section */

/* Begin PBXProject section */
		56D4B065E5B0FE8995F34C3C /* Project object */ = {
			isa = PBXProject;
			attributes = {
				BuildIndependentTargetsInParallel = 1;
				LastSwiftUpdateCheck = 1620;
				LastUpgradeCheck = 2620;
				TargetAttributes = {
					9E4313F59CF1574A568093D3 = {
						CreatedOnToolsVersion = 16.2;
					};
					E1F2A3B4C5D6E7F8A9B0C1D2 = {
						CreatedOnToolsVersion = 16.2;
						TestTargetID = 9E4313F59CF1574A568093D3;
					};
				};
			};
			buildConfigurationList = EF1523B3CB544F8A176A8CA2 /* Build configuration list for PBXProject "drappula" */;
			developmentRegion = en;
			hasScannedForEncodings = 0;
			knownRegions = (
				en,
				Base,
			);
			mainGroup = 7FE6191B4F238DE24BF8F7F3;
			minimizedProjectReferenceProxies = 1;
			packageReferences = (
				27E713FC2F3FDD1800A3DD9C /* XCRemoteSwiftPackageReference "firebase-ios-sdk" */,
			);
			preferredProjectObjectVersion = 77;
			productRefGroup = D6B000D2CB2DE90163074B94 /* Products */;
			projectDirPath = "";
			projectRoot = "";
			targets = (
				9E4313F59CF1574A568093D3 /* Drappula */,
				E1F2A3B4C5D6E7F8A9B0C1D2 /* drappulaTests */,
			);
		};
/* End PBXProject section */

/* Begin PBXResourcesBuildPhase section */
		95620193BFE9126D9CF06C23 /* Resources */ = {
			isa = PBXResourcesBuildPhase;
			buildActionMask = 2147483647;
			files = (
				27B6D3FB2F33EB7300E85E5C /* 17_make.mp3 in Resources */,
				27B6D3FC2F33EB7300E85E5C /* 04_bid.mp3 in Resources */,
				27B6D3FD2F33EB7300E85E5C /* 05_you.mp3 in Resources */,
				27B6D3FE2F33EB7300E85E5C /* 03_dracula.mp3 in Resources */,
				27B6D3FF2F33EB7300E85E5C /* 14_what.mp3 in Resources */,
				27B6D4002F33EB7300E85E5C /* 13_night.mp3 in Resources */,
				27B6D4012F33EB7300E85E5C /* 11_of.mp3 in Resources */,
				27B6D4022F33EB7300E85E5C /* 09_them.mp3 in Resources */,
				27B6D4032F33EB7300E85E5C /* 06_welcome.mp3 in Resources */,
				27B6D4042F33EB7300E85E5C /* 16_they.mp3 in Resources */,
				27B6D4052F33EB7300E85E5C /* 08_to.mp3 in Resources */,
				27B6D4062F33EB7300E85E5C /* 07_listen.mp3 in Resources */,
				27B6D4072F33EB7300E85E5C /* 10_children.mp3 in Resources */,
				27B6D4082F33EB7300E85E5C /* 15_music.mp3 in Resources */,
				27B6D4092F33EB7300E85E5C /* 02_am.mp3 in Resources */,
				27B6D40A2F33EB7300E85E5C /* 12_the.mp3 in Resources */,
				27B6D40B2F33EB7300E85E5C /* 01_i.mp3 in Resources */,
			);
			runOnlyForDeploymentPostprocessing = 0;
		};
		F2A3B4C5D6E7F8A9B0C1D2E3 /* Resources */ = {
			isa = PBXResourcesBuildPhase;
			buildActionMask = 2147483647;
			files = (
			);
			runOnlyForDeploymentPostprocessing = 0;
		};
/* End PBXResourcesBuildPhase section */

/* Begin PBXShellScriptBuildPhase section */
		50CDAED66310DC649EA7D6BA /* Compile Kotlin Framework */ = {
			isa = PBXShellScriptBuildPhase;
			alwaysOutOfDate = 1;
			buildActionMask = 2147483647;
			files = (
			);
			inputFileListPaths = (
			);
			inputPaths = (
			);
			name = "Compile Kotlin Framework";
			outputFileListPaths = (
			);
			outputPaths = (
			);
			runOnlyForDeploymentPostprocessing = 0;
			shellPath = /bin/sh;
			shellScript = "if [ \"YES\" = \"$OVERRIDE_KOTLIN_BUILD_IDE_SUPPORTED\" ]; then\n  echo \"Skipping Gradle build task invocation due to OVERRIDE_KOTLIN_BUILD_IDE_SUPPORTED environment variable set to \\\"YES\\\"\"\n  exit 0\nfi\nif [[ \"$CONFIGURATION\" == *Debug* ]]; then\n  export KOTLIN_FRAMEWORK_BUILD_TYPE=debug\nelse\n  export KOTLIN_FRAMEWORK_BUILD_TYPE=release\nfi\ncd \"$SRCROOT/..\"\n./gradlew :shared:embedAndSignAppleFrameworkForXcode\n";
		};
		A1B2C3D4E5F6A7B8C9D0F1A3 /* Copy Firebase Config */ = {
			isa = PBXShellScriptBuildPhase;
			buildActionMask = 2147483647;
			files = (
			);
			inputFileListPaths = (
			);
			inputPaths = (
				"$(SRCROOT)/drappula/Firebase/Production/GoogleService-Info.plist",
				"$(SRCROOT)/drappula/Firebase/Staging/GoogleService-Info.plist",
			);
			name = "Copy Firebase Config";
			outputFileListPaths = (
			);
			outputPaths = (
				"$(BUILT_PRODUCTS_DIR)/$(PRODUCT_NAME).app/GoogleService-Info.plist",
			);
			runOnlyForDeploymentPostprocessing = 0;
			shellPath = /bin/sh;
			shellScript = "if [[ \"$CONFIGURATION\" == Production* ]]; then\n  FLAVOR=\"Production\"\nelse\n  FLAVOR=\"Staging\"\nfi\ncp \"${SRCROOT}/drappula/Firebase/${FLAVOR}/GoogleService-Info.plist\" \"${BUILT_PRODUCTS_DIR}/${PRODUCT_NAME}.app/GoogleService-Info.plist\"\n";
		};
/* End PBXShellScriptBuildPhase section */

/* Begin PBXSourcesBuildPhase section */
		AB7C29CA324EF660F72C3E13 /* Sources */ = {
			isa = PBXSourcesBuildPhase;
			buildActionMask = 2147483647;
			files = (
			);
			runOnlyForDeploymentPostprocessing = 0;
		};
		E2F3A4B5C6D7E8F9A0B1C2D3 /* Sources */ = {
			isa = PBXSourcesBuildPhase;
			buildActionMask = 2147483647;
			files = (
			);
			runOnlyForDeploymentPostprocessing = 0;
		};
/* End PBXSourcesBuildPhase section */

/* Begin PBXTargetDependency section */
		C2D3E4F5A6B7C8D9E0F1A2B3 /* PBXTargetDependency */ = {
			isa = PBXTargetDependency;
			target = 9E4313F59CF1574A568093D3 /* Drappula */;
			targetProxy = B1C2D3E4F5A6B7C8D9E0F1A2 /* PBXContainerItemProxy */;
		};
/* End PBXTargetDependency section */

/* Begin XCBuildConfiguration section */
		261260FAE1CD6730E8F226BF /* ProductionDebug */ = {
			isa = XCBuildConfiguration;
			baseConfigurationReferenceAnchor = 3EAF842F2C2084D8F7353CEC /* Configuration */;
			baseConfigurationReferenceRelativePath = Production.xcconfig;
			buildSettings = {
				ALWAYS_SEARCH_USER_PATHS = NO;
				ASSETCATALOG_COMPILER_GENERATE_SWIFT_ASSET_SYMBOL_EXTENSIONS = YES;
				CLANG_ANALYZER_NONNULL = YES;
				CLANG_ANALYZER_NUMBER_OBJECT_CONVERSION = YES_AGGRESSIVE;
				CLANG_CXX_LANGUAGE_STANDARD = "gnu++20";
				CLANG_ENABLE_MODULES = YES;
				CLANG_ENABLE_OBJC_ARC = YES;
				CLANG_ENABLE_OBJC_WEAK = YES;
				CLANG_WARN_BLOCK_CAPTURE_AUTORELEASING = YES;
				CLANG_WARN_BOOL_CONVERSION = YES;
				CLANG_WARN_COMMA = YES;
				CLANG_WARN_CONSTANT_CONVERSION = YES;
				CLANG_WARN_DEPRECATED_OBJC_IMPLEMENTATIONS = YES;
				CLANG_WARN_DIRECT_OBJC_ISA_USAGE = YES_ERROR;
				CLANG_WARN_DOCUMENTATION_COMMENTS = YES;
				CLANG_WARN_EMPTY_BODY = YES;
				CLANG_WARN_ENUM_CONVERSION = YES;
				CLANG_WARN_INFINITE_RECURSION = YES;
				CLANG_WARN_INT_CONVERSION = YES;
				CLANG_WARN_NON_LITERAL_NULL_CONVERSION = YES;
				CLANG_WARN_OBJC_IMPLICIT_RETAIN_SELF = YES;
				CLANG_WARN_OBJC_LITERAL_CONVERSION = YES;
				CLANG_WARN_OBJC_ROOT_CLASS = YES_ERROR;
				CLANG_WARN_QUOTED_INCLUDE_IN_FRAMEWORK_HEADER = YES;
				CLANG_WARN_RANGE_LOOP_ANALYSIS = YES;
				CLANG_WARN_STRICT_PROTOTYPES = YES;
				CLANG_WARN_SUSPICIOUS_MOVE = YES;
				CLANG_WARN_UNGUARDED_AVAILABILITY = YES_AGGRESSIVE;
				CLANG_WARN_UNREACHABLE_CODE = YES;
				CLANG_WARN__DUPLICATE_METHOD_MATCH = YES;
				COPY_PHASE_STRIP = NO;
				DEBUG_INFORMATION_FORMAT = dwarf;
				DEVELOPMENT_TEAM = "${TEAM_ID}";
				ENABLE_STRICT_OBJC_MSGSEND = YES;
				ENABLE_TESTABILITY = YES;
				ENABLE_USER_SCRIPT_SANDBOXING = NO;
				GCC_C_LANGUAGE_STANDARD = gnu17;
				KOTLIN_FRAMEWORK_BUILD_TYPE = debug;
				GCC_DYNAMIC_NO_PIC = NO;
				GCC_NO_COMMON_BLOCKS = YES;
				GCC_OPTIMIZATION_LEVEL = 0;
				GCC_PREPROCESSOR_DEFINITIONS = (
					"DEBUG=1",
					"$(inherited)",
				);
				GCC_WARN_64_TO_32_BIT_CONVERSION = YES;
				GCC_WARN_ABOUT_RETURN_TYPE = YES_ERROR;
				GCC_WARN_UNDECLARED_SELECTOR = YES;
				GCC_WARN_UNINITIALIZED_AUTOS = YES_AGGRESSIVE;
				GCC_WARN_UNUSED_FUNCTION = YES;
				GCC_WARN_UNUSED_VARIABLE = YES;
				IPHONEOS_DEPLOYMENT_TARGET = 18.2;
				LOCALIZATION_PREFERS_STRING_CATALOGS = YES;
				MTL_ENABLE_DEBUG_INFO = INCLUDE_SOURCE;
				MTL_FAST_MATH = YES;
				ONLY_ACTIVE_ARCH = YES;
				SDKROOT = iphoneos;
				STRING_CATALOG_GENERATE_SYMBOLS = YES;
				SWIFT_ACTIVE_COMPILATION_CONDITIONS = "DEBUG $(inherited)";
				SWIFT_OPTIMIZATION_LEVEL = "-Onone";
			};
			name = ProductionDebug;
		};
		F25D959797A78F46D091CEE3 /* ProductionRelease */ = {
			isa = XCBuildConfiguration;
			baseConfigurationReferenceAnchor = 3EAF842F2C2084D8F7353CEC /* Configuration */;
			baseConfigurationReferenceRelativePath = Production.xcconfig;
			buildSettings = {
				ALWAYS_SEARCH_USER_PATHS = NO;
				ASSETCATALOG_COMPILER_GENERATE_SWIFT_ASSET_SYMBOL_EXTENSIONS = YES;
				CLANG_ANALYZER_NONNULL = YES;
				CLANG_ANALYZER_NUMBER_OBJECT_CONVERSION = YES_AGGRESSIVE;
				CLANG_CXX_LANGUAGE_STANDARD = "gnu++20";
				CLANG_ENABLE_MODULES = YES;
				CLANG_ENABLE_OBJC_ARC = YES;
				CLANG_ENABLE_OBJC_WEAK = YES;
				CLANG_WARN_BLOCK_CAPTURE_AUTORELEASING = YES;
				CLANG_WARN_BOOL_CONVERSION = YES;
				CLANG_WARN_COMMA = YES;
				CLANG_WARN_CONSTANT_CONVERSION = YES;
				CLANG_WARN_DEPRECATED_OBJC_IMPLEMENTATIONS = YES;
				CLANG_WARN_DIRECT_OBJC_ISA_USAGE = YES_ERROR;
				CLANG_WARN_DOCUMENTATION_COMMENTS = YES;
				CLANG_WARN_EMPTY_BODY = YES;
				CLANG_WARN_ENUM_CONVERSION = YES;
				CLANG_WARN_INFINITE_RECURSION = YES;
				CLANG_WARN_INT_CONVERSION = YES;
				CLANG_WARN_NON_LITERAL_NULL_CONVERSION = YES;
				CLANG_WARN_OBJC_IMPLICIT_RETAIN_SELF = YES;
				CLANG_WARN_OBJC_LITERAL_CONVERSION = YES;
				CLANG_WARN_OBJC_ROOT_CLASS = YES_ERROR;
				CLANG_WARN_QUOTED_INCLUDE_IN_FRAMEWORK_HEADER = YES;
				CLANG_WARN_RANGE_LOOP_ANALYSIS = YES;
				CLANG_WARN_STRICT_PROTOTYPES = YES;
				CLANG_WARN_SUSPICIOUS_MOVE = YES;
				CLANG_WARN_UNGUARDED_AVAILABILITY = YES_AGGRESSIVE;
				CLANG_WARN_UNREACHABLE_CODE = YES;
				CLANG_WARN__DUPLICATE_METHOD_MATCH = YES;
				COPY_PHASE_STRIP = NO;
				DEBUG_INFORMATION_FORMAT = "dwarf-with-dsym";
				DEVELOPMENT_TEAM = "${TEAM_ID}";
				ENABLE_NS_ASSERTIONS = NO;
				ENABLE_STRICT_OBJC_MSGSEND = YES;
				ENABLE_USER_SCRIPT_SANDBOXING = NO;
				GCC_C_LANGUAGE_STANDARD = gnu17;
				KOTLIN_FRAMEWORK_BUILD_TYPE = release;
				GCC_NO_COMMON_BLOCKS = YES;
				GCC_WARN_64_TO_32_BIT_CONVERSION = YES;
				GCC_WARN_ABOUT_RETURN_TYPE = YES_ERROR;
				GCC_WARN_UNDECLARED_SELECTOR = YES;
				GCC_WARN_UNINITIALIZED_AUTOS = YES_AGGRESSIVE;
				GCC_WARN_UNUSED_FUNCTION = YES;
				GCC_WARN_UNUSED_VARIABLE = YES;
				IPHONEOS_DEPLOYMENT_TARGET = 18.2;
				LOCALIZATION_PREFERS_STRING_CATALOGS = YES;
				MTL_ENABLE_DEBUG_INFO = NO;
				MTL_FAST_MATH = YES;
				SDKROOT = iphoneos;
				STRING_CATALOG_GENERATE_SYMBOLS = YES;
				SWIFT_COMPILATION_MODE = wholemodule;
				VALIDATE_PRODUCT = YES;
			};
			name = ProductionRelease;
		};
		A1B2C3D4E5F6A7B8C9D0E1A1 /* StagingDebug */ = {
			isa = XCBuildConfiguration;
			baseConfigurationReferenceAnchor = 3EAF842F2C2084D8F7353CEC /* Configuration */;
			baseConfigurationReferenceRelativePath = Staging.xcconfig;
			buildSettings = {
				ALWAYS_SEARCH_USER_PATHS = NO;
				ASSETCATALOG_COMPILER_GENERATE_SWIFT_ASSET_SYMBOL_EXTENSIONS = YES;
				CLANG_ANALYZER_NONNULL = YES;
				CLANG_ANALYZER_NUMBER_OBJECT_CONVERSION = YES_AGGRESSIVE;
				CLANG_CXX_LANGUAGE_STANDARD = "gnu++20";
				CLANG_ENABLE_MODULES = YES;
				CLANG_ENABLE_OBJC_ARC = YES;
				CLANG_ENABLE_OBJC_WEAK = YES;
				CLANG_WARN_BLOCK_CAPTURE_AUTORELEASING = YES;
				CLANG_WARN_BOOL_CONVERSION = YES;
				CLANG_WARN_COMMA = YES;
				CLANG_WARN_CONSTANT_CONVERSION = YES;
				CLANG_WARN_DEPRECATED_OBJC_IMPLEMENTATIONS = YES;
				CLANG_WARN_DIRECT_OBJC_ISA_USAGE = YES_ERROR;
				CLANG_WARN_DOCUMENTATION_COMMENTS = YES;
				CLANG_WARN_EMPTY_BODY = YES;
				CLANG_WARN_ENUM_CONVERSION = YES;
				CLANG_WARN_INFINITE_RECURSION = YES;
				CLANG_WARN_INT_CONVERSION = YES;
				CLANG_WARN_NON_LITERAL_NULL_CONVERSION = YES;
				CLANG_WARN_OBJC_IMPLICIT_RETAIN_SELF = YES;
				CLANG_WARN_OBJC_LITERAL_CONVERSION = YES;
				CLANG_WARN_OBJC_ROOT_CLASS = YES_ERROR;
				CLANG_WARN_QUOTED_INCLUDE_IN_FRAMEWORK_HEADER = YES;
				CLANG_WARN_RANGE_LOOP_ANALYSIS = YES;
				CLANG_WARN_STRICT_PROTOTYPES = YES;
				CLANG_WARN_SUSPICIOUS_MOVE = YES;
				CLANG_WARN_UNGUARDED_AVAILABILITY = YES_AGGRESSIVE;
				CLANG_WARN_UNREACHABLE_CODE = YES;
				CLANG_WARN__DUPLICATE_METHOD_MATCH = YES;
				COPY_PHASE_STRIP = NO;
				DEBUG_INFORMATION_FORMAT = dwarf;
				DEVELOPMENT_TEAM = "${TEAM_ID}";
				ENABLE_STRICT_OBJC_MSGSEND = YES;
				ENABLE_TESTABILITY = YES;
				ENABLE_USER_SCRIPT_SANDBOXING = NO;
				GCC_C_LANGUAGE_STANDARD = gnu17;
				KOTLIN_FRAMEWORK_BUILD_TYPE = debug;
				GCC_DYNAMIC_NO_PIC = NO;
				GCC_NO_COMMON_BLOCKS = YES;
				GCC_OPTIMIZATION_LEVEL = 0;
				GCC_PREPROCESSOR_DEFINITIONS = (
					"DEBUG=1",
					"$(inherited)",
				);
				GCC_WARN_64_TO_32_BIT_CONVERSION = YES;
				GCC_WARN_ABOUT_RETURN_TYPE = YES_ERROR;
				GCC_WARN_UNDECLARED_SELECTOR = YES;
				GCC_WARN_UNINITIALIZED_AUTOS = YES_AGGRESSIVE;
				GCC_WARN_UNUSED_FUNCTION = YES;
				GCC_WARN_UNUSED_VARIABLE = YES;
				IPHONEOS_DEPLOYMENT_TARGET = 18.2;
				LOCALIZATION_PREFERS_STRING_CATALOGS = YES;
				MTL_ENABLE_DEBUG_INFO = INCLUDE_SOURCE;
				MTL_FAST_MATH = YES;
				ONLY_ACTIVE_ARCH = YES;
				SDKROOT = iphoneos;
				STRING_CATALOG_GENERATE_SYMBOLS = YES;
				SWIFT_ACTIVE_COMPILATION_CONDITIONS = "DEBUG $(inherited)";
				SWIFT_OPTIMIZATION_LEVEL = "-Onone";
			};
			name = StagingDebug;
		};
		B2C3D4E5F6A7B8C9D0E1A1B2 /* StagingRelease */ = {
			isa = XCBuildConfiguration;
			baseConfigurationReferenceAnchor = 3EAF842F2C2084D8F7353CEC /* Configuration */;
			baseConfigurationReferenceRelativePath = Staging.xcconfig;
			buildSettings = {
				ALWAYS_SEARCH_USER_PATHS = NO;
				ASSETCATALOG_COMPILER_GENERATE_SWIFT_ASSET_SYMBOL_EXTENSIONS = YES;
				CLANG_ANALYZER_NONNULL = YES;
				CLANG_ANALYZER_NUMBER_OBJECT_CONVERSION = YES_AGGRESSIVE;
				CLANG_CXX_LANGUAGE_STANDARD = "gnu++20";
				CLANG_ENABLE_MODULES = YES;
				CLANG_ENABLE_OBJC_ARC = YES;
				CLANG_ENABLE_OBJC_WEAK = YES;
				CLANG_WARN_BLOCK_CAPTURE_AUTORELEASING = YES;
				CLANG_WARN_BOOL_CONVERSION = YES;
				CLANG_WARN_COMMA = YES;
				CLANG_WARN_CONSTANT_CONVERSION = YES;
				CLANG_WARN_DEPRECATED_OBJC_IMPLEMENTATIONS = YES;
				CLANG_WARN_DIRECT_OBJC_ISA_USAGE = YES_ERROR;
				CLANG_WARN_DOCUMENTATION_COMMENTS = YES;
				CLANG_WARN_EMPTY_BODY = YES;
				CLANG_WARN_ENUM_CONVERSION = YES;
				CLANG_WARN_INFINITE_RECURSION = YES;
				CLANG_WARN_INT_CONVERSION = YES;
				CLANG_WARN_NON_LITERAL_NULL_CONVERSION = YES;
				CLANG_WARN_OBJC_IMPLICIT_RETAIN_SELF = YES;
				CLANG_WARN_OBJC_LITERAL_CONVERSION = YES;
				CLANG_WARN_OBJC_ROOT_CLASS = YES_ERROR;
				CLANG_WARN_QUOTED_INCLUDE_IN_FRAMEWORK_HEADER = YES;
				CLANG_WARN_RANGE_LOOP_ANALYSIS = YES;
				CLANG_WARN_STRICT_PROTOTYPES = YES;
				CLANG_WARN_SUSPICIOUS_MOVE = YES;
				CLANG_WARN_UNGUARDED_AVAILABILITY = YES_AGGRESSIVE;
				CLANG_WARN_UNREACHABLE_CODE = YES;
				CLANG_WARN__DUPLICATE_METHOD_MATCH = YES;
				COPY_PHASE_STRIP = NO;
				DEBUG_INFORMATION_FORMAT = "dwarf-with-dsym";
				DEVELOPMENT_TEAM = "${TEAM_ID}";
				ENABLE_NS_ASSERTIONS = NO;
				ENABLE_STRICT_OBJC_MSGSEND = YES;
				ENABLE_USER_SCRIPT_SANDBOXING = NO;
				GCC_C_LANGUAGE_STANDARD = gnu17;
				KOTLIN_FRAMEWORK_BUILD_TYPE = release;
				GCC_NO_COMMON_BLOCKS = YES;
				GCC_WARN_64_TO_32_BIT_CONVERSION = YES;
				GCC_WARN_ABOUT_RETURN_TYPE = YES_ERROR;
				GCC_WARN_UNDECLARED_SELECTOR = YES;
				GCC_WARN_UNINITIALIZED_AUTOS = YES_AGGRESSIVE;
				GCC_WARN_UNUSED_FUNCTION = YES;
				GCC_WARN_UNUSED_VARIABLE = YES;
				IPHONEOS_DEPLOYMENT_TARGET = 18.2;
				LOCALIZATION_PREFERS_STRING_CATALOGS = YES;
				MTL_ENABLE_DEBUG_INFO = NO;
				MTL_FAST_MATH = YES;
				SDKROOT = iphoneos;
				STRING_CATALOG_GENERATE_SYMBOLS = YES;
				SWIFT_COMPILATION_MODE = wholemodule;
				VALIDATE_PRODUCT = YES;
			};
			name = StagingRelease;
		};
		D984442EB9BDEC50DBE44A45 /* ProductionDebug */ = {
			isa = XCBuildConfiguration;
			buildSettings = {
				ASSETCATALOG_COMPILER_APPICON_NAME = AppIcon;
				ASSETCATALOG_COMPILER_GLOBAL_ACCENT_COLOR_NAME = AccentColor;
				CODE_SIGN_IDENTITY = "Apple Development";
				CODE_SIGN_STYLE = Automatic;
				DEVELOPMENT_ASSET_PATHS = "\"drappula/Preview Content\"";
				DEVELOPMENT_TEAM = "${TEAM_ID}";
				ENABLE_PREVIEWS = YES;
				GENERATE_INFOPLIST_FILE = YES;
				INFOPLIST_FILE = drappula/Info.plist;
				INFOPLIST_KEY_CFBundleDisplayName = drappula;
				INFOPLIST_KEY_UIApplicationSceneManifest_Generation = YES;
				INFOPLIST_KEY_UIApplicationSupportsIndirectInputEvents = YES;
				INFOPLIST_KEY_UISupportedInterfaceOrientations_iPad = "UIInterfaceOrientationPortrait UIInterfaceOrientationPortraitUpsideDown UIInterfaceOrientationLandscapeLeft UIInterfaceOrientationLandscapeRight";
				INFOPLIST_KEY_UISupportedInterfaceOrientations_iPhone = "UIInterfaceOrientationPortrait UIInterfaceOrientationLandscapeLeft UIInterfaceOrientationLandscapeRight";
				LD_RUNPATH_SEARCH_PATHS = (
					"$(inherited)",
					"@executable_path/Frameworks",
				);
				PRODUCT_BUNDLE_IDENTIFIER = com.hellocuriosity.drappula;
				SWIFT_EMIT_LOC_STRINGS = YES;
				SWIFT_VERSION = 5.0;
				TARGETED_DEVICE_FAMILY = "1,2";
			};
			name = ProductionDebug;
		};
		231B24FE2C4192B4D8C21931 /* ProductionRelease */ = {
			isa = XCBuildConfiguration;
			buildSettings = {
				ASSETCATALOG_COMPILER_APPICON_NAME = AppIcon;
				ASSETCATALOG_COMPILER_GLOBAL_ACCENT_COLOR_NAME = AccentColor;
				CODE_SIGN_IDENTITY = "Apple Distribution";
				CODE_SIGN_STYLE = Manual;
				DEVELOPMENT_ASSET_PATHS = "\"drappula/Preview Content\"";
				DEVELOPMENT_TEAM = "${TEAM_ID}";
				ENABLE_PREVIEWS = YES;
				GENERATE_INFOPLIST_FILE = YES;
				INFOPLIST_FILE = drappula/Info.plist;
				INFOPLIST_KEY_CFBundleDisplayName = drappula;
				INFOPLIST_KEY_UIApplicationSceneManifest_Generation = YES;
				INFOPLIST_KEY_UIApplicationSupportsIndirectInputEvents = YES;
				INFOPLIST_KEY_UISupportedInterfaceOrientations_iPad = "UIInterfaceOrientationPortrait UIInterfaceOrientationPortraitUpsideDown UIInterfaceOrientationLandscapeLeft UIInterfaceOrientationLandscapeRight";
				INFOPLIST_KEY_UISupportedInterfaceOrientations_iPhone = "UIInterfaceOrientationPortrait UIInterfaceOrientationLandscapeLeft UIInterfaceOrientationLandscapeRight";
				LD_RUNPATH_SEARCH_PATHS = (
					"$(inherited)",
					"@executable_path/Frameworks",
				);
				PRODUCT_BUNDLE_IDENTIFIER = com.hellocuriosity.drappula;
				PROVISIONING_PROFILE_SPECIFIER = "";
				SWIFT_EMIT_LOC_STRINGS = YES;
				SWIFT_VERSION = 5.0;
				TARGETED_DEVICE_FAMILY = "1,2";
			};
			name = ProductionRelease;
		};
		C3D4E5F6A7B8C9D0E1A1B2C3 /* StagingDebug */ = {
			isa = XCBuildConfiguration;
			buildSettings = {
				ASSETCATALOG_COMPILER_APPICON_NAME = AppIcon;
				ASSETCATALOG_COMPILER_GLOBAL_ACCENT_COLOR_NAME = AccentColor;
				CODE_SIGN_IDENTITY = "Apple Development";
				CODE_SIGN_STYLE = Automatic;
				DEVELOPMENT_ASSET_PATHS = "\"drappula/Preview Content\"";
				DEVELOPMENT_TEAM = "${TEAM_ID}";
				ENABLE_PREVIEWS = YES;
				GENERATE_INFOPLIST_FILE = YES;
				INFOPLIST_FILE = drappula/Info.plist;
				INFOPLIST_KEY_CFBundleDisplayName = drappula;
				INFOPLIST_KEY_UIApplicationSceneManifest_Generation = YES;
				INFOPLIST_KEY_UIApplicationSupportsIndirectInputEvents = YES;
				INFOPLIST_KEY_UISupportedInterfaceOrientations_iPad = "UIInterfaceOrientationPortrait UIInterfaceOrientationPortraitUpsideDown UIInterfaceOrientationLandscapeLeft UIInterfaceOrientationLandscapeRight";
				INFOPLIST_KEY_UISupportedInterfaceOrientations_iPhone = "UIInterfaceOrientationPortrait UIInterfaceOrientationLandscapeLeft UIInterfaceOrientationLandscapeRight";
				LD_RUNPATH_SEARCH_PATHS = (
					"$(inherited)",
					"@executable_path/Frameworks",
				);
				PRODUCT_BUNDLE_IDENTIFIER = com.hellocuriosity.drappula.staging;
				SWIFT_EMIT_LOC_STRINGS = YES;
				SWIFT_VERSION = 5.0;
				TARGETED_DEVICE_FAMILY = "1,2";
			};
			name = StagingDebug;
		};
		D4E5F6A7B8C9D0E1A1B2C3D4 /* StagingRelease */ = {
			isa = XCBuildConfiguration;
			buildSettings = {
				ASSETCATALOG_COMPILER_APPICON_NAME = AppIcon;
				ASSETCATALOG_COMPILER_GLOBAL_ACCENT_COLOR_NAME = AccentColor;
				CODE_SIGN_IDENTITY = "Apple Development";
				CODE_SIGN_STYLE = Automatic;
				DEVELOPMENT_ASSET_PATHS = "\"drappula/Preview Content\"";
				DEVELOPMENT_TEAM = "${TEAM_ID}";
				ENABLE_PREVIEWS = YES;
				GENERATE_INFOPLIST_FILE = YES;
				INFOPLIST_FILE = drappula/Info.plist;
				INFOPLIST_KEY_CFBundleDisplayName = drappula;
				INFOPLIST_KEY_UIApplicationSceneManifest_Generation = YES;
				INFOPLIST_KEY_UIApplicationSupportsIndirectInputEvents = YES;
				INFOPLIST_KEY_UISupportedInterfaceOrientations_iPad = "UIInterfaceOrientationPortrait UIInterfaceOrientationPortraitUpsideDown UIInterfaceOrientationLandscapeLeft UIInterfaceOrientationLandscapeRight";
				INFOPLIST_KEY_UISupportedInterfaceOrientations_iPhone = "UIInterfaceOrientationPortrait UIInterfaceOrientationLandscapeLeft UIInterfaceOrientationLandscapeRight";
				LD_RUNPATH_SEARCH_PATHS = (
					"$(inherited)",
					"@executable_path/Frameworks",
				);
				PRODUCT_BUNDLE_IDENTIFIER = com.hellocuriosity.drappula.staging;
				SWIFT_EMIT_LOC_STRINGS = YES;
				SWIFT_VERSION = 5.0;
				TARGETED_DEVICE_FAMILY = "1,2";
			};
			name = StagingRelease;
		};
		A2B3C4D5E6F7A8B9C0D1E2F3 /* ProductionDebug */ = {
			isa = XCBuildConfiguration;
			buildSettings = {
				BUNDLE_LOADER = "$(TEST_HOST)";
				CODE_SIGN_STYLE = Automatic;
				CURRENT_PROJECT_VERSION = 1;
				DEVELOPMENT_TEAM = "${TEAM_ID}";
				GENERATE_INFOPLIST_FILE = YES;
				IPHONEOS_DEPLOYMENT_TARGET = 18.2;
				MARKETING_VERSION = 1.0;
				PRODUCT_BUNDLE_IDENTIFIER = com.hellocuriosity.drappula.tests;
				PRODUCT_NAME = "$(TARGET_NAME)";
				SWIFT_EMIT_LOC_STRINGS = NO;
				SWIFT_VERSION = 6.0;
				TARGETED_DEVICE_FAMILY = "1,2";
				TEST_HOST = "$(BUILT_PRODUCTS_DIR)/Drappula.app/$(BUNDLE_EXECUTABLE_FOLDER_PATH)/Drappula";
			};
			name = ProductionDebug;
		};
		B3C4D5E6F7A8B9C0D1E2F3A4 /* ProductionRelease */ = {
			isa = XCBuildConfiguration;
			buildSettings = {
				BUNDLE_LOADER = "$(TEST_HOST)";
				CODE_SIGN_STYLE = Automatic;
				CURRENT_PROJECT_VERSION = 1;
				DEVELOPMENT_TEAM = "${TEAM_ID}";
				GENERATE_INFOPLIST_FILE = YES;
				IPHONEOS_DEPLOYMENT_TARGET = 18.2;
				MARKETING_VERSION = 1.0;
				PRODUCT_BUNDLE_IDENTIFIER = com.hellocuriosity.drappula.tests;
				PRODUCT_NAME = "$(TARGET_NAME)";
				SWIFT_EMIT_LOC_STRINGS = NO;
				SWIFT_VERSION = 6.0;
				TARGETED_DEVICE_FAMILY = "1,2";
				TEST_HOST = "$(BUILT_PRODUCTS_DIR)/Drappula.app/$(BUNDLE_EXECUTABLE_FOLDER_PATH)/Drappula";
			};
			name = ProductionRelease;
		};
		E5F6A7B8C9D0E1A1B2C3D4E5 /* StagingDebug */ = {
			isa = XCBuildConfiguration;
			buildSettings = {
				BUNDLE_LOADER = "$(TEST_HOST)";
				CODE_SIGN_STYLE = Automatic;
				CURRENT_PROJECT_VERSION = 1;
				DEVELOPMENT_TEAM = "${TEAM_ID}";
				GENERATE_INFOPLIST_FILE = YES;
				IPHONEOS_DEPLOYMENT_TARGET = 18.2;
				MARKETING_VERSION = 1.0;
				PRODUCT_BUNDLE_IDENTIFIER = com.hellocuriosity.drappula.tests;
				PRODUCT_NAME = "$(TARGET_NAME)";
				SWIFT_EMIT_LOC_STRINGS = NO;
				SWIFT_VERSION = 6.0;
				TARGETED_DEVICE_FAMILY = "1,2";
				TEST_HOST = "$(BUILT_PRODUCTS_DIR)/Drappula.app/$(BUNDLE_EXECUTABLE_FOLDER_PATH)/Drappula";
			};
			name = StagingDebug;
		};
		F6A7B8C9D0E1A1B2C3D4E5F6 /* StagingRelease */ = {
			isa = XCBuildConfiguration;
			buildSettings = {
				BUNDLE_LOADER = "$(TEST_HOST)";
				CODE_SIGN_STYLE = Automatic;
				CURRENT_PROJECT_VERSION = 1;
				DEVELOPMENT_TEAM = "${TEAM_ID}";
				GENERATE_INFOPLIST_FILE = YES;
				IPHONEOS_DEPLOYMENT_TARGET = 18.2;
				MARKETING_VERSION = 1.0;
				PRODUCT_BUNDLE_IDENTIFIER = com.hellocuriosity.drappula.tests;
				PRODUCT_NAME = "$(TARGET_NAME)";
				SWIFT_EMIT_LOC_STRINGS = NO;
				SWIFT_VERSION = 6.0;
				TARGETED_DEVICE_FAMILY = "1,2";
				TEST_HOST = "$(BUILT_PRODUCTS_DIR)/Drappula.app/$(BUNDLE_EXECUTABLE_FOLDER_PATH)/Drappula";
			};
			name = StagingRelease;
		};
/* End XCBuildConfiguration section */

/* Begin XCConfigurationList section */
		9454EFBB71921A3E4F61A3FC /* Build configuration list for PBXNativeTarget "Drappula" */ = {
			isa = XCConfigurationList;
			buildConfigurations = (
				D984442EB9BDEC50DBE44A45 /* ProductionDebug */,
				231B24FE2C4192B4D8C21931 /* ProductionRelease */,
				C3D4E5F6A7B8C9D0E1A1B2C3 /* StagingDebug */,
				D4E5F6A7B8C9D0E1A1B2C3D4 /* StagingRelease */,
			);
			defaultConfigurationIsVisible = 0;
			defaultConfigurationName = ProductionRelease;
		};
		EF1523B3CB544F8A176A8CA2 /* Build configuration list for PBXProject "drappula" */ = {
			isa = XCConfigurationList;
			buildConfigurations = (
				261260FAE1CD6730E8F226BF /* ProductionDebug */,
				F25D959797A78F46D091CEE3 /* ProductionRelease */,
				A1B2C3D4E5F6A7B8C9D0E1A1 /* StagingDebug */,
				B2C3D4E5F6A7B8C9D0E1A1B2 /* StagingRelease */,
			);
			defaultConfigurationIsVisible = 0;
			defaultConfigurationName = ProductionRelease;
		};
		F1A2B3C4D5E6F7A8B9C0D1E2 /* Build configuration list for PBXNativeTarget "drappulaTests" */ = {
			isa = XCConfigurationList;
			buildConfigurations = (
				A2B3C4D5E6F7A8B9C0D1E2F3 /* ProductionDebug */,
				B3C4D5E6F7A8B9C0D1E2F3A4 /* ProductionRelease */,
				E5F6A7B8C9D0E1A1B2C3D4E5 /* StagingDebug */,
				F6A7B8C9D0E1A1B2C3D4E5F6 /* StagingRelease */,
			);
			defaultConfigurationIsVisible = 0;
			defaultConfigurationName = ProductionRelease;
		};
/* End XCConfigurationList section */

/* Begin XCRemoteSwiftPackageReference section */
		27E713FC2F3FDD1800A3DD9C /* XCRemoteSwiftPackageReference "firebase-ios-sdk" */ = {
			isa = XCRemoteSwiftPackageReference;
			repositoryURL = "https://github.com/firebase/firebase-ios-sdk";
			requirement = {
				kind = upToNextMajorVersion;
				minimumVersion = 12.9.0;
			};
		};
/* End XCRemoteSwiftPackageReference section */

/* Begin XCSwiftPackageProductDependency section */
		27E713FD2F3FDD1800A3DD9C /* FirebaseAnalytics */ = {
			isa = XCSwiftPackageProductDependency;
			package = 27E713FC2F3FDD1800A3DD9C /* XCRemoteSwiftPackageReference "firebase-ios-sdk" */;
			productName = FirebaseAnalytics;
		};
		27E713FF2F3FDD1800A3DD9C /* FirebaseCore */ = {
			isa = XCSwiftPackageProductDependency;
			package = 27E713FC2F3FDD1800A3DD9C /* XCRemoteSwiftPackageReference "firebase-ios-sdk" */;
			productName = FirebaseCore;
		};
		27E714012F3FDD1800A3DD9C /* FirebaseCrashlytics */ = {
			isa = XCSwiftPackageProductDependency;
			package = 27E713FC2F3FDD1800A3DD9C /* XCRemoteSwiftPackageReference "firebase-ios-sdk" */;
			productName = FirebaseCrashlytics;
		};
		27E714032F3FDD1800A3DD9C /* FirebasePerformance */ = {
			isa = XCSwiftPackageProductDependency;
			package = 27E713FC2F3FDD1800A3DD9C /* XCRemoteSwiftPackageReference "firebase-ios-sdk" */;
			productName = FirebasePerformance;
		};
/* End XCSwiftPackageProductDependency section */
	};
	rootObject = 56D4B065E5B0FE8995F34C3C /* Project object */;
}
